// !$*UTF8*$!
{
	archiveVersion = 1;
	classes = {
	};
	objectVersion = 46;
	objects = {

/* Begin PBXBuildFile section */
		181241EB1DD8F00C007CD184 /* FilteredImageCell.swift in Sources */ = {isa = PBXBuildFile; fileRef = 181241EA1DD8F00C007CD184 /* FilteredImageCell.swift */; };
		181241ED1DD9099B007CD184 /* PhotoMetadataController.swift in Sources */ = {isa = PBXBuildFile; fileRef = 181241EC1DD9099B007CD184 /* PhotoMetadataController.swift */; };
		181241EF1DD90F51007CD184 /* LocationManager.swift in Sources */ = {isa = PBXBuildFile; fileRef = 181241EE1DD90F51007CD184 /* LocationManager.swift */; };
		182E9A351DD7BB5800EB933F /* PhotoFilterController.swift in Sources */ = {isa = PBXBuildFile; fileRef = 182E9A341DD7BB5800EB933F /* PhotoFilterController.swift */; };
		182E9A371DD7BE7D00EB933F /* FilteredImageBuilder.swift in Sources */ = {isa = PBXBuildFile; fileRef = 182E9A361DD7BE7D00EB933F /* FilteredImageBuilder.swift */; };
		18559D151DD2848F00D2EB91 /* AppDelegate.swift in Sources */ = {isa = PBXBuildFile; fileRef = 18559D141DD2848F00D2EB91 /* AppDelegate.swift */; };
		18559D171DD2848F00D2EB91 /* PhotoListController.swift in Sources */ = {isa = PBXBuildFile; fileRef = 18559D161DD2848F00D2EB91 /* PhotoListController.swift */; };
		18559D1C1DD2848F00D2EB91 /* Assets.xcassets in Resources */ = {isa = PBXBuildFile; fileRef = 18559D1B1DD2848F00D2EB91 /* Assets.xcassets */; };
		18559D1F1DD2848F00D2EB91 /* LaunchScreen.storyboard in Resources */ = {isa = PBXBuildFile; fileRef = 18559D1D1DD2848F00D2EB91 /* LaunchScreen.storyboard */; };
		18559D271DD2889100D2EB91 /* MediaPickerManager.swift in Sources */ = {isa = PBXBuildFile; fileRef = 18559D261DD2889100D2EB91 /* MediaPickerManager.swift */; };
		188A37511DDA4B5F00ACE29F /* CoreDataController.swift in Sources */ = {isa = PBXBuildFile; fileRef = 188A37501DDA4B5F00ACE29F /* CoreDataController.swift */; };
		188A37541DDA4BE000ACE29F /* FaceSnap.xcdatamodeld in Sources */ = {isa = PBXBuildFile; fileRef = 188A37521DDA4BE000ACE29F /* FaceSnap.xcdatamodeld */; };
		188A37561DDA533500ACE29F /* Photo.swift in Sources */ = {isa = PBXBuildFile; fileRef = 188A37551DDA533500ACE29F /* Photo.swift */; };
		188A37581DDA53E500ACE29F /* Tag.swift in Sources */ = {isa = PBXBuildFile; fileRef = 188A37571DDA53E500ACE29F /* Tag.swift */; };
		188A375A1DDA53FC00ACE29F /* Location.swift in Sources */ = {isa = PBXBuildFile; fileRef = 188A37591DDA53FC00ACE29F /* Location.swift */; };
		188A375C1DDA5EAB00ACE29F /* PhotoDataSource.swift in Sources */ = {isa = PBXBuildFile; fileRef = 188A375B1DDA5EAB00ACE29F /* PhotoDataSource.swift */; };
		188A375E1DDA5F3B00ACE29F /* PhotoFetchedResultsController.swift in Sources */ = {isa = PBXBuildFile; fileRef = 188A375D1DDA5F3B00ACE29F /* PhotoFetchedResultsController.swift */; };
		188A37601DDA63EE00ACE29F /* PhotoCell.swift in Sources */ = {isa = PBXBuildFile; fileRef = 188A375F1DDA63EE00ACE29F /* PhotoCell.swift */; };
		18DDC2341DDB94A70056EB7B /* PhotoSortListController.swift in Sources */ = {isa = PBXBuildFile; fileRef = 18DDC2331DDB94A70056EB7B /* PhotoSortListController.swift */; };
		18DDC2361DDB976E0056EB7B /* SortableDataSource.swift in Sources */ = {isa = PBXBuildFile; fileRef = 18DDC2351DDB976E0056EB7B /* SortableDataSource.swift */; };
		18DDC2381DDBB5640056EB7B /* SortItemSelector.swift in Sources */ = {isa = PBXBuildFile; fileRef = 18DDC2371DDBB5640056EB7B /* SortItemSelector.swift */; };
/* End PBXBuildFile section */

/* Begin PBXFileReference section */
		181241EA1DD8F00C007CD184 /* FilteredImageCell.swift */ = {isa = PBXFileReference; fileEncoding = 4; lastKnownFileType = sourcecode.swift; path = FilteredImageCell.swift; sourceTree = "<group>"; };
		181241EC1DD9099B007CD184 /* PhotoMetadataController.swift */ = {isa = PBXFileReference; fileEncoding = 4; lastKnownFileType = sourcecode.swift; path = PhotoMetadataController.swift; sourceTree = "<group>"; };
		181241EE1DD90F51007CD184 /* LocationManager.swift */ = {isa = PBXFileReference; fileEncoding = 4; lastKnownFileType = sourcecode.swift; path = LocationManager.swift; sourceTree = "<group>"; };
		182E9A341DD7BB5800EB933F /* PhotoFilterController.swift */ = {isa = PBXFileReference; fileEncoding = 4; lastKnownFileType = sourcecode.swift; path = PhotoFilterController.swift; sourceTree = "<group>"; };
		182E9A361DD7BE7D00EB933F /* FilteredImageBuilder.swift */ = {isa = PBXFileReference; fileEncoding = 4; lastKnownFileType = sourcecode.swift; path = FilteredImageBuilder.swift; sourceTree = "<group>"; };
		18559D111DD2848E00D2EB91 /* SelfiePhoto.app */ = {isa = PBXFileReference; explicitFileType = wrapper.application; includeInIndex = 0; path = SelfiePhoto.app; sourceTree = BUILT_PRODUCTS_DIR; };
		18559D141DD2848F00D2EB91 /* AppDelegate.swift */ = {isa = PBXFileReference; lastKnownFileType = sourcecode.swift; path = AppDelegate.swift; sourceTree = "<group>"; };
		18559D161DD2848F00D2EB91 /* PhotoListController.swift */ = {isa = PBXFileReference; lastKnownFileType = sourcecode.swift; path = PhotoListController.swift; sourceTree = "<group>"; };
		18559D1B1DD2848F00D2EB91 /* Assets.xcassets */ = {isa = PBXFileReference; lastKnownFileType = folder.assetcatalog; path = Assets.xcassets; sourceTree = "<group>"; };
		18559D1E1DD2848F00D2EB91 /* Base */ = {isa = PBXFileReference; lastKnownFileType = file.storyboard; name = Base; path = Base.lproj/LaunchScreen.storyboard; sourceTree = "<group>"; };
		18559D201DD2848F00D2EB91 /* Info.plist */ = {isa = PBXFileReference; lastKnownFileType = text.plist.xml; path = Info.plist; sourceTree = "<group>"; };
		18559D261DD2889100D2EB91 /* MediaPickerManager.swift */ = {isa = PBXFileReference; fileEncoding = 4; lastKnownFileType = sourcecode.swift; path = MediaPickerManager.swift; sourceTree = "<group>"; };
		188A37501DDA4B5F00ACE29F /* CoreDataController.swift */ = {isa = PBXFileReference; fileEncoding = 4; lastKnownFileType = sourcecode.swift; path = CoreDataController.swift; sourceTree = "<group>"; };
		188A37531DDA4BE000ACE29F /* FaceSnap.xcdatamodel */ = {isa = PBXFileReference; lastKnownFileType = wrapper.xcdatamodel; path = FaceSnap.xcdatamodel; sourceTree = "<group>"; };
		188A37551DDA533500ACE29F /* Photo.swift */ = {isa = PBXFileReference; fileEncoding = 4; lastKnownFileType = sourcecode.swift; path = Photo.swift; sourceTree = "<group>"; };
		188A37571DDA53E500ACE29F /* Tag.swift */ = {isa = PBXFileReference; fileEncoding = 4; lastKnownFileType = sourcecode.swift; path = Tag.swift; sourceTree = "<group>"; };
		188A37591DDA53FC00ACE29F /* Location.swift */ = {isa = PBXFileReference; fileEncoding = 4; lastKnownFileType = sourcecode.swift; path = Location.swift; sourceTree = "<group>"; };
		188A375B1DDA5EAB00ACE29F /* PhotoDataSource.swift */ = {isa = PBXFileReference; fileEncoding = 4; lastKnownFileType = sourcecode.swift; path = PhotoDataSource.swift; sourceTree = "<group>"; };
		188A375D1DDA5F3B00ACE29F /* PhotoFetchedResultsController.swift */ = {isa = PBXFileReference; fileEncoding = 4; lastKnownFileType = sourcecode.swift; path = PhotoFetchedResultsController.swift; sourceTree = "<group>"; };
		188A375F1DDA63EE00ACE29F /* PhotoCell.swift */ = {isa = PBXFileReference; fileEncoding = 4; lastKnownFileType = sourcecode.swift; path = PhotoCell.swift; sourceTree = "<group>"; };
		18DDC2331DDB94A70056EB7B /* PhotoSortListController.swift */ = {isa = PBXFileReference; fileEncoding = 4; lastKnownFileType = sourcecode.swift; path = PhotoSortListController.swift; sourceTree = "<group>"; };
		18DDC2351DDB976E0056EB7B /* SortableDataSource.swift */ = {isa = PBXFileReference; fileEncoding = 4; lastKnownFileType = sourcecode.swift; path = SortableDataSource.swift; sourceTree = "<group>"; };
		18DDC2371DDBB5640056EB7B /* SortItemSelector.swift */ = {isa = PBXFileReference; fileEncoding = 4; lastKnownFileType = sourcecode.swift; path = SortItemSelector.swift; sourceTree = "<group>"; };
/* End PBXFileReference section */

/* Begin PBXFrameworksBuildPhase section */
		18559D0E1DD2848E00D2EB91 /* Frameworks */ = {
			isa = PBXFrameworksBuildPhase;
			buildActionMask = 2147483647;
			files = (
			);
			runOnlyForDeploymentPostprocessing = 0;
		};
/* End PBXFrameworksBuildPhase section */

/* Begin PBXGroup section */
		182E9A2E1DD7BAA600EB933F /* Helpers */ = {
			isa = PBXGroup;
			children = (
				18559D261DD2889100D2EB91 /* MediaPickerManager.swift */,
				182E9A361DD7BE7D00EB933F /* FilteredImageBuilder.swift */,
				181241EE1DD90F51007CD184 /* LocationManager.swift */,
				18DDC2371DDBB5640056EB7B /* SortItemSelector.swift */,
			);
			name = Helpers;
			sourceTree = "<group>";
		};
		182E9A2F1DD7BAAE00EB933F /* Controller */ = {
			isa = PBXGroup;
			children = (
				18559D161DD2848F00D2EB91 /* PhotoListController.swift */,
				182E9A341DD7BB5800EB933F /* PhotoFilterController.swift */,
				181241EC1DD9099B007CD184 /* PhotoMetadataController.swift */,
				188A37501DDA4B5F00ACE29F /* CoreDataController.swift */,
				188A375D1DDA5F3B00ACE29F /* PhotoFetchedResultsController.swift */,
				18DDC2331DDB94A70056EB7B /* PhotoSortListController.swift */,
			);
			name = Controller;
			sourceTree = "<group>";
		};
		182E9A301DD7BAB700EB933F /* Model */ = {
			isa = PBXGroup;
			children = (
				188A37521DDA4BE000ACE29F /* FaceSnap.xcdatamodeld */,
				188A37551DDA533500ACE29F /* Photo.swift */,
				188A37571DDA53E500ACE29F /* Tag.swift */,
				188A37591DDA53FC00ACE29F /* Location.swift */,
				188A375B1DDA5EAB00ACE29F /* PhotoDataSource.swift */,
				18DDC2351DDB976E0056EB7B /* SortableDataSource.swift */,
			);
			name = Model;
			sourceTree = "<group>";
		};
		182E9A311DD7BABF00EB933F /* View */ = {
			isa = PBXGroup;
			children = (
				181241EA1DD8F00C007CD184 /* FilteredImageCell.swift */,
				188A375F1DDA63EE00ACE29F /* PhotoCell.swift */,
			);
			name = View;
			sourceTree = "<group>";
		};
		18559D081DD2848E00D2EB91 = {
			isa = PBXGroup;
			children = (
				18559D131DD2848F00D2EB91 /* SelfiePhoto */,
				18559D121DD2848E00D2EB91 /* Products */,
			);
			sourceTree = "<group>";
		};
		18559D121DD2848E00D2EB91 /* Products */ = {
			isa = PBXGroup;
			children = (
				18559D111DD2848E00D2EB91 /* SelfiePhoto.app */,
			);
			name = Products;
			sourceTree = "<group>";
		};
		18559D131DD2848F00D2EB91 /* SelfiePhoto */ = {
			isa = PBXGroup;
			children = (
				182E9A301DD7BAB700EB933F /* Model */,
				182E9A311DD7BABF00EB933F /* View */,
				182E9A2F1DD7BAAE00EB933F /* Controller */,
				182E9A2E1DD7BAA600EB933F /* Helpers */,
				18559D141DD2848F00D2EB91 /* AppDelegate.swift */,
				18559D1B1DD2848F00D2EB91 /* Assets.xcassets */,
				18559D1D1DD2848F00D2EB91 /* LaunchScreen.storyboard */,
				18559D201DD2848F00D2EB91 /* Info.plist */,
			);
			path = SelfiePhoto;
			sourceTree = "<group>";
		};
/* End PBXGroup section */

/* Begin PBXNativeTarget section */
		18559D101DD2848E00D2EB91 /* SelfiePhoto */ = {
			isa = PBXNativeTarget;
			buildConfigurationList = 18559D231DD2848F00D2EB91 /* Build configuration list for PBXNativeTarget "SelfiePhoto" */;
			buildPhases = (
				18559D0D1DD2848E00D2EB91 /* Sources */,
				18559D0E1DD2848E00D2EB91 /* Frameworks */,
				18559D0F1DD2848E00D2EB91 /* Resources */,
			);
			buildRules = (
			);
			dependencies = (
			);
			name = SelfiePhoto;
			productName = SelfiePhoto;
			productReference = 18559D111DD2848E00D2EB91 /* SelfiePhoto.app */;
			productType = "com.apple.product-type.application";
		};
/* End PBXNativeTarget section */

/* Begin PBXProject section */
		18559D091DD2848E00D2EB91 /* Project object */ = {
			isa = PBXProject;
			attributes = {
				LastSwiftUpdateCheck = 0730;
				LastUpgradeCheck = 0730;
				ORGANIZATIONNAME = "Lin David";
				TargetAttributes = {
					18559D101DD2848E00D2EB91 = {
						CreatedOnToolsVersion = 7.3.1;
					};
				};
			};
			buildConfigurationList = 18559D0C1DD2848E00D2EB91 /* Build configuration list for PBXProject "SelfiePhoto" */;
			compatibilityVersion = "Xcode 3.2";
			developmentRegion = English;
			hasScannedForEncodings = 0;
			knownRegions = (
				en,
				Base,
			);
			mainGroup = 18559D081DD2848E00D2EB91;
			productRefGroup = 18559D121DD2848E00D2EB91 /* Products */;
			projectDirPath = "";
			projectRoot = "";
			targets = (
				18559D101DD2848E00D2EB91 /* SelfiePhoto */,
			);
		};
/* End PBXProject section */

/* Begin PBXResourcesBuildPhase section */
		18559D0F1DD2848E00D2EB91 /* Resources */ = {
			isa = PBXResourcesBuildPhase;
			buildActionMask = 2147483647;
			files = (
				18559D1F1DD2848F00D2EB91 /* LaunchScreen.storyboard in Resources */,
				18559D1C1DD2848F00D2EB91 /* Assets.xcassets in Resources */,
			);
			runOnlyForDeploymentPostprocessing = 0;
		};
/* End PBXResourcesBuildPhase section */

/* Begin PBXSourcesBuildPhase section */
		18559D0D1DD2848E00D2EB91 /* Sources */ = {
			isa = PBXSourcesBuildPhase;
			buildActionMask = 2147483647;
			files = (
				18DDC2381DDBB5640056EB7B /* SortItemSelector.swift in Sources */,
				188A37581DDA53E500ACE29F /* Tag.swift in Sources */,
				188A375C1DDA5EAB00ACE29F /* PhotoDataSource.swift in Sources */,
				18DDC2361DDB976E0056EB7B /* SortableDataSource.swift in Sources */,
				188A37541DDA4BE000ACE29F /* FaceSnap.xcdatamodeld in Sources */,
				182E9A371DD7BE7D00EB933F /* FilteredImageBuilder.swift in Sources */,
				188A37601DDA63EE00ACE29F /* PhotoCell.swift in Sources */,
				18559D271DD2889100D2EB91 /* MediaPickerManager.swift in Sources */,
				181241EB1DD8F00C007CD184 /* FilteredImageCell.swift in Sources */,
				18559D171DD2848F00D2EB91 /* PhotoListController.swift in Sources */,
				188A375A1DDA53FC00ACE29F /* Location.swift in Sources */,
				18DDC2341DDB94A70056EB7B /* PhotoSortListController.swift in Sources */,
				181241EF1DD90F51007CD184 /* LocationManager.swift in Sources */,
				188A37511DDA4B5F00ACE29F /* CoreDataController.swift in Sources */,
				188A37561DDA533500ACE29F /* Photo.swift in Sources */,
				182E9A351DD7BB5800EB933F /* PhotoFilterController.swift in Sources */,
				188A375E1DDA5F3B00ACE29F /* PhotoFetchedResultsController.swift in Sources */,
				181241ED1DD9099B007CD184 /* PhotoMetadataController.swift in Sources */,
				18559D151DD2848F00D2EB91 /* AppDelegate.swift in Sources */,
			);
			runOnlyForDeploymentPostprocessing = 0;
		};
/* End PBXSourcesBuildPhase section */

/* Begin PBXVariantGroup section */
		18559D1D1DD2848F00D2EB91 /* LaunchScreen.storyboard */ = {
			isa = PBXVariantGroup;
			children = (
				18559D1E1DD2848F00D2EB91 /* Base */,
			);
			name = LaunchScreen.storyboard;
			sourceTree = "<group>";
		};
/* End PBXVariantGroup section */

/* Begin XCBuildConfiguration section */
		18559D211DD2848F00D2EB91 /* Debug */ = {
			isa = XCBuildConfiguration;
			buildSettings = {
				ALWAYS_SEARCH_USER_PATHS = NO;
				CLANG_ANALYZER_NONNULL = YES;
				CLANG_CXX_LANGUAGE_STANDARD = "gnu++0x";
				CLANG_CXX_LIBRARY = "libc++";
				CLANG_ENABLE_MODULES = YES;
				CLANG_ENABLE_OBJC_ARC = YES;
				CLANG_WARN_BOOL_CONVERSION = YES;
				CLANG_WARN_CONSTANT_CONVERSION = YES;
				CLANG_WARN_DIRECT_OBJC_ISA_USAGE = YES_ERROR;
				CLANG_WARN_EMPTY_BODY = YES;
				CLANG_WARN_ENUM_CONVERSION = YES;
				CLANG_WARN_INT_CONVERSION = YES;
				CLANG_WARN_OBJC_ROOT_CLASS = YES_ERROR;
				CLANG_WARN_UNREACHABLE_CODE = YES;
				CLANG_WARN__DUPLICATE_METHOD_MATCH = YES;
				"CODE_SIGN_IDENTITY[sdk=iphoneos*]" = "iPhone Developer";
				COPY_PHASE_STRIP = NO;
				DEBUG_INFORMATION_FORMAT = dwarf;
				ENABLE_STRICT_OBJC_MSGSEND = YES;
				ENABLE_TESTABILITY = YES;
				GCC_C_LANGUAGE_STANDARD = gnu99;
				GCC_DYNAMIC_NO_PIC = NO;
				GCC_NO_COMMON_BLOCKS = YES;
				GCC_OPTIMIZATION_LEVEL = 0;
				GCC_PREPROCESSOR_DEFINITIONS = (
					"DEBUG=1",
					"$(inherited)",
				);
				GCC_WARN_64_TO_32_BIT_CONVERSION = YES;
				GCC_WARN_ABOUT_RETURN_TYPE = YES_ERROR;
				GCC_WARN_UNDECLARED_SELECTOR = YES;
				GCC_WARN_UNINITIALIZED_AUTOS = YES_AGGRESSIVE;
				GCC_WARN_UNUSED_FUNCTION = YES;
				GCC_WARN_UNUSED_VARIABLE = YES;
				IPHONEOS_DEPLOYMENT_TARGET = 9.3;
				MTL_ENABLE_DEBUG_INFO = YES;
				ONLY_ACTIVE_ARCH = YES;
				SDKROOT = iphoneos;
				SWIFT_OPTIMIZATION_LEVEL = "-Onone";
			};
			name = Debug;
		};
		18559D221DD2848F00D2EB91 /* Release */ = {
			isa = XCBuildConfiguration;
			buildSettings = {
				ALWAYS_SEARCH_USER_PATHS = NO;
				CLANG_ANALYZER_NONNULL = YES;
				CLANG_CXX_LANGUAGE_STANDARD = "gnu++0x";
				CLANG_CXX_LIBRARY = "libc++";
				CLANG_ENABLE_MODULES = YES;
				CLANG_ENABLE_OBJC_ARC = YES;
				CLANG_WARN_BOOL_CONVERSION = YES;
				CLANG_WARN_CONSTANT_CONVERSION = YES;
				CLANG_WARN_DIRECT_OBJC_ISA_USAGE = YES_ERROR;
				CLANG_WARN_EMPTY_BODY = YES;
				CLANG_WARN_ENUM_CONVERSION = YES;
				CLANG_WARN_INT_CONVERSION = YES;
				CLANG_WARN_OBJC_ROOT_CLASS = YES_ERROR;
				CLANG_WARN_UNREACHABLE_CODE = YES;
				CLANG_WARN__DUPLICATE_METHOD_MATCH = YES;
				"CODE_SIGN_IDENTITY[sdk=iphoneos*]" = "iPhone Developer";
				COPY_PHASE_STRIP = NO;
				DEBUG_INFORMATION_FORMAT = "dwarf-with-dsym";
				ENABLE_NS_ASSERTIONS = NO;
				ENABLE_STRICT_OBJC_MSGSEND = YES;
				GCC_C_LANGUAGE_STANDARD = gnu99;
				GCC_NO_COMMON_BLOCKS = YES;
				GCC_WARN_64_TO_32_BIT_CONVERSION = YES;
				GCC_WARN_ABOUT_RETURN_TYPE = YES_ERROR;
				GCC_WARN_UNDECLARED_SELECTOR = YES;
				GCC_WARN_UNINITIALIZED_AUTOS = YES_AGGRESSIVE;
				GCC_WARN_UNUSED_FUNCTION = YES;
				GCC_WARN_UNUSED_VARIABLE = YES;
				IPHONEOS_DEPLOYMENT_TARGET = 9.3;
				MTL_ENABLE_DEBUG_INFO = NO;
				SDKROOT = iphoneos;
				VALIDATE_PRODUCT = YES;
			};
			name = Release;
		};
		18559D241DD2848F00D2EB91 /* Debug */ = {
			isa = XCBuildConfiguration;
			buildSettings = {
				ASSETCATALOG_COMPILER_APPICON_NAME = AppIcon;
				INFOPLIST_FILE = SelfiePhoto/Info.plist;
				LD_RUNPATH_SEARCH_PATHS = "$(inherited) @executable_path/Frameworks";
				PRODUCT_BUNDLE_IDENTIFIER = com.lin.david.SelfiePhoto;
				PRODUCT_NAME = "$(TARGET_NAME)";
			};
			name = Debug;
		};
		18559D251DD2848F00D2EB91 /* Release */ = {
			isa = XCBuildConfiguration;
			buildSettings = {
				ASSETCATALOG_COMPILER_APPICON_NAME = AppIcon;
				INFOPLIST_FILE = SelfiePhoto/Info.plist;
				LD_RUNPATH_SEARCH_PATHS = "$(inherited) @executable_path/Frameworks";
				PRODUCT_BUNDLE_IDENTIFIER = com.lin.david.SelfiePhoto;
				PRODUCT_NAME = "$(TARGET_NAME)";
			};
			name = Release;
		};
/* End XCBuildConfiguration section */

/* Begin XCConfigurationList section */
		18559D0C1DD2848E00D2EB91 /* Build configuration list for PBXProject "SelfiePhoto" */ = {
			isa = XCConfigurationList;
			buildConfigurations = (
				18559D211DD2848F00D2EB91 /* Debug */,
				18559D221DD2848F00D2EB91 /* Release */,
			);
			defaultConfigurationIsVisible = 0;
			defaultConfigurationName = Release;
		};
		18559D231DD2848F00D2EB91 /* Build configuration list for PBXNativeTarget "SelfiePhoto" */ = {
			isa = XCConfigurationList;
			buildConfigurations = (
				18559D241DD2848F00D2EB91 /* Debug */,
				18559D251DD2848F00D2EB91 /* Release */,
			);
			defaultConfigurationIsVisible = 0;
			defaultConfigurationName = Release;
		};
/* End XCConfigurationList section */

/* Begin XCVersionGroup section */
		188A37521DDA4BE000ACE29F /* FaceSnap.xcdatamodeld */ = {
			isa = XCVersionGroup;
			children = (
				188A37531DDA4BE000ACE29F /* FaceSnap.xcdatamodel */,
			);
			currentVersion = 188A37531DDA4BE000ACE29F /* FaceSnap.xcdatamodel */;
			path = FaceSnap.xcdatamodeld;
			sourceTree = "<group>";
			versionGroupType = wrapper.xcdatamodel;
		};
/* End XCVersionGroup section */
	};
	rootObject = 18559D091DD2848E00D2EB91 /* Project object */;
}
