PODS:
  - CMDQueryStringSerialization (0.4.1):
    - ISO8601
  - ISO8601 (0.6.0)
  - ReactiveCocoa (4.2.1):
    - Result (~> 2.0)
  - Result (2.1.3)
  - SAMCache (0.3.3)
  - SimpleAuth/Core (0.3.9):
    - CMDQueryStringSerialization
    - ReactiveCocoa
  - SimpleAuth/FoursquareWeb (0.3.9):
    - SimpleAuth/Core

DEPENDENCIES:
  - SAMCache
  - SimpleAuth/FoursquareWeb

SPEC CHECKSUMS:
  CMDQueryStringSerialization: 4bb0a2f5e7d8d8678d911d88072274952cbef4e5
  ISO8601: d3ea3ba9b752820cf92c6b47a9ee327e9f0e13fc
  ReactiveCocoa: 5a42745f11ea236f405bb9ce5e97c5e3b23562dd
  Result: 18e1a7597fbcca5923c565b40a25a98afafdee02
  SAMCache: 790b2623a3e087c903daff872c90c248726c4c82
  SimpleAuth: bc7d594f90711a7e6ef7624dce5aa8c8b09770ab

PODFILE CHECKSUM: b1214c1ac14e89f7dc17911758133347d14dd221

COCOAPODS: 1.1.1
