// !$*UTF8*$!
{
	archiveVersion = 1;
	classes = {
	};
	objectVersion = 46;
	objects = {

/* Begin PBXBuildFile section */
		1834105E1DA1A1C600834E2F /* AppDelegate.swift in Sources */ = {isa = PBXBuildFile; fileRef = 1834105D1DA1A1C600834E2F /* AppDelegate.swift */; };
		183410601DA1A1C600834E2F /* ViewController.swift in Sources */ = {isa = PBXBuildFile; fileRef = 1834105F1DA1A1C600834E2F /* ViewController.swift */; };
		183410631DA1A1C600834E2F /* Main.storyboard in Resources */ = {isa = PBXBuildFile; fileRef = 183410611DA1A1C600834E2F /* Main.storyboard */; };
		183410651DA1A1C600834E2F /* Assets.xcassets in Resources */ = {isa = PBXBuildFile; fileRef = 183410641DA1A1C600834E2F /* Assets.xcassets */; };
		183410681DA1A1C600834E2F /* LaunchScreen.storyboard in Resources */ = {isa = PBXBuildFile; fileRef = 183410661DA1A1C600834E2F /* LaunchScreen.storyboard */; };
/* End PBXBuildFile section */

/* Begin PBXFileReference section */
		1834105A1DA1A1C500834E2F /* AutoLayout_Programmatic.app */ = {isa = PBXFileReference; explicitFileType = wrapper.application; includeInIndex = 0; path = AutoLayout_Programmatic.app; sourceTree = BUILT_PRODUCTS_DIR; };
		1834105D1DA1A1C600834E2F /* AppDelegate.swift */ = {isa = PBXFileReference; lastKnownFileType = sourcecode.swift; path = AppDelegate.swift; sourceTree = "<group>"; };
		1834105F1DA1A1C600834E2F /* ViewController.swift */ = {isa = PBXFileReference; lastKnownFileType = sourcecode.swift; path = ViewController.swift; sourceTree = "<group>"; };
		183410621DA1A1C600834E2F /* Base */ = {isa = PBXFileReference; lastKnownFileType = file.storyboard; name = Base; path = Base.lproj/Main.storyboard; sourceTree = "<group>"; };
		183410641DA1A1C600834E2F /* Assets.xcassets */ = {isa = PBXFileReference; lastKnownFileType = folder.assetcatalog; path = Assets.xcassets; sourceTree = "<group>"; };
		183410671DA1A1C600834E2F /* Base */ = {isa = PBXFileReference; lastKnownFileType = file.storyboard; name = Base; path = Base.lproj/LaunchScreen.storyboard; sourceTree = "<group>"; };
		183410691DA1A1C600834E2F /* Info.plist */ = {isa = PBXFileReference; lastKnownFileType = text.plist.xml; path = Info.plist; sourceTree = "<group>"; };
/* End PBXFileReference section */

/* Begin PBXFrameworksBuildPhase section */
		183410571DA1A1C500834E2F /* Frameworks */ = {
			isa = PBXFrameworksBuildPhase;
			buildActionMask = 2147483647;
			files = (
			);
			runOnlyForDeploymentPostprocessing = 0;
		};
/* End PBXFrameworksBuildPhase section */

/* Begin PBXGroup section */
		183410511DA1A1C500834E2F = {
			isa = PBXGroup;
			children = (
				1834105C1DA1A1C600834E2F /* AutoLayout_Programmatic */,
				1834105B1DA1A1C500834E2F /* Products */,
			);
			sourceTree = "<group>";
		};
		1834105B1DA1A1C500834E2F /* Products */ = {
			isa = PBXGroup;
			children = (
				1834105A1DA1A1C500834E2F /* AutoLayout_Programmatic.app */,
			);
			name = Products;
			sourceTree = "<group>";
		};
		1834105C1DA1A1C600834E2F /* AutoLayout_Programmatic */ = {
			isa = PBXGroup;
			children = (
				1834105D1DA1A1C600834E2F /* AppDelegate.swift */,
				1834105F1DA1A1C600834E2F /* ViewController.swift */,
				183410611DA1A1C600834E2F /* Main.storyboard */,
				183410641DA1A1C600834E2F /* Assets.xcassets */,
				183410661DA1A1C600834E2F /* LaunchScreen.storyboard */,
				183410691DA1A1C600834E2F /* Info.plist */,
			);
			path = AutoLayout_Programmatic;
			sourceTree = "<group>";
		};
/* End PBXGroup section */

/* Begin PBXNativeTarget section */
		183410591DA1A1C500834E2F /* AutoLayout_Programmatic */ = {
			isa = PBXNativeTarget;
			buildConfigurationList = 1834106C1DA1A1C600834E2F /* Build configuration list for PBXNativeTarget "AutoLayout_Programmatic" */;
			buildPhases = (
				183410561DA1A1C500834E2F /* Sources */,
				183410571DA1A1C500834E2F /* Frameworks */,
				183410581DA1A1C500834E2F /* Resources */,
			);
			buildRules = (
			);
			dependencies = (
			);
			name = AutoLayout_Programmatic;
			productName = AutoLayout_Programmatic;
			productReference = 1834105A1DA1A1C500834E2F /* AutoLayout_Programmatic.app */;
			productType = "com.apple.product-type.application";
		};
/* End PBXNativeTarget section */

/* Begin PBXProject section */
		183410521DA1A1C500834E2F /* Project object */ = {
			isa = PBXProject;
			attributes = {
				LastSwiftUpdateCheck = 0730;
				LastUpgradeCheck = 0730;
				ORGANIZATIONNAME = "Lin David";
				TargetAttributes = {
					183410591DA1A1C500834E2F = {
						CreatedOnToolsVersion = 7.3;
					};
				};
			};
			buildConfigurationList = 183410551DA1A1C500834E2F /* Build configuration list for PBXProject "AutoLayout_Programmatic" */;
			compatibilityVersion = "Xcode 3.2";
			developmentRegion = English;
			hasScannedForEncodings = 0;
			knownRegions = (
				en,
				Base,
			);
			mainGroup = 183410511DA1A1C500834E2F;
			productRefGroup = 1834105B1DA1A1C500834E2F /* Products */;
			projectDirPath = "";
			projectRoot = "";
			targets = (
				183410591DA1A1C500834E2F /* AutoLayout_Programmatic */,
			);
		};
/* End PBXProject section */

/* Begin PBXResourcesBuildPhase section */
		183410581DA1A1C500834E2F /* Resources */ = {
			isa = PBXResourcesBuildPhase;
			buildActionMask = 2147483647;
			files = (
				183410681DA1A1C600834E2F /* LaunchScreen.storyboard in Resources */,
				183410651DA1A1C600834E2F /* Assets.xcassets in Resources */,
				183410631DA1A1C600834E2F /* Main.storyboard in Resources */,
			);
			runOnlyForDeploymentPostprocessing = 0;
		};
/* End PBXResourcesBuildPhase section */

/* Begin PBXSourcesBuildPhase section */
		183410561DA1A1C500834E2F /* Sources */ = {
			isa = PBXSourcesBuildPhase;
			buildActionMask = 2147483647;
			files = (
				183410601DA1A1C600834E2F /* ViewController.swift in Sources */,
				1834105E1DA1A1C600834E2F /* AppDelegate.swift in Sources */,
			);
			runOnlyForDeploymentPostprocessing = 0;
		};
/* End PBXSourcesBuildPhase section */

/* Begin PBXVariantGroup section */
		183410611DA1A1C600834E2F /* Main.storyboard */ = {
			isa = PBXVariantGroup;
			children = (
				183410621DA1A1C600834E2F /* Base */,
			);
			name = Main.storyboard;
			sourceTree = "<group>";
		};
		183410661DA1A1C600834E2F /* LaunchScreen.storyboard */ = {
			isa = PBXVariantGroup;
			children = (
				183410671DA1A1C600834E2F /* Base */,
			);
			name = LaunchScreen.storyboard;
			sourceTree = "<group>";
		};
/* End PBXVariantGroup section */

/* Begin XCBuildConfiguration section */
		1834106A1DA1A1C600834E2F /* Debug */ = {
			isa = XCBuildConfiguration;
			buildSettings = {
				ALWAYS_SEARCH_USER_PATHS = NO;
				CLANG_ANALYZER_NONNULL = YES;
				CLANG_CXX_LANGUAGE_STANDARD = "gnu++0x";
				CLANG_CXX_LIBRARY = "libc++";
				CLANG_ENABLE_MODULES = YES;
				CLANG_ENABLE_OBJC_ARC = YES;
				CLANG_WARN_BOOL_CONVERSION = YES;
				CLANG_WARN_CONSTANT_CONVERSION = YES;
				CLANG_WARN_DIRECT_OBJC_ISA_USAGE = YES_ERROR;
				CLANG_WARN_EMPTY_BODY = YES;
				CLANG_WARN_ENUM_CONVERSION = YES;
				CLANG_WARN_INT_CONVERSION = YES;
				CLANG_WARN_OBJC_ROOT_CLASS = YES_ERROR;
				CLANG_WARN_UNREACHABLE_CODE = YES;
				CLANG_WARN__DUPLICATE_METHOD_MATCH = YES;
				"CODE_SIGN_IDENTITY[sdk=iphoneos*]" = "iPhone Developer";
				COPY_PHASE_STRIP = NO;
				DEBUG_INFORMATION_FORMAT = dwarf;
				ENABLE_STRICT_OBJC_MSGSEND = YES;
				ENABLE_TESTABILITY = YES;
				GCC_C_LANGUAGE_STANDARD = gnu99;
				GCC_DYNAMIC_NO_PIC = NO;
				GCC_NO_COMMON_BLOCKS = YES;
				GCC_OPTIMIZATION_LEVEL = 0;
				GCC_PREPROCESSOR_DEFINITIONS = (
					"DEBUG=1",
					"$(inherited)",
				);
				GCC_WARN_64_TO_32_BIT_CONVERSION = YES;
				GCC_WARN_ABOUT_RETURN_TYPE = YES_ERROR;
				GCC_WARN_UNDECLARED_SELECTOR = YES;
				GCC_WARN_UNINITIALIZED_AUTOS = YES_AGGRESSIVE;
				GCC_WARN_UNUSED_FUNCTION = YES;
				GCC_WARN_UNUSED_VARIABLE = YES;
				IPHONEOS_DEPLOYMENT_TARGET = 9.3;
				MTL_ENABLE_DEBUG_INFO = YES;
				ONLY_ACTIVE_ARCH = YES;
				SDKROOT = iphoneos;
				SWIFT_OPTIMIZATION_LEVEL = "-Onone";
				TARGETED_DEVICE_FAMILY = "1,2";
			};
			name = Debug;
		};
		1834106B1DA1A1C600834E2F /* Release */ = {
			isa = XCBuildConfiguration;
			buildSettings = {
				ALWAYS_SEARCH_USER_PATHS = NO;
				CLANG_ANALYZER_NONNULL = YES;
				CLANG_CXX_LANGUAGE_STANDARD = "gnu++0x";
				CLANG_CXX_LIBRARY = "libc++";
				CLANG_ENABLE_MODULES = YES;
				CLANG_ENABLE_OBJC_ARC = YES;
				CLANG_WARN_BOOL_CONVERSION = YES;
				CLANG_WARN_CONSTANT_CONVERSION = YES;
				CLANG_WARN_DIRECT_OBJC_ISA_USAGE = YES_ERROR;
				CLANG_WARN_EMPTY_BODY = YES;
				CLANG_WARN_ENUM_CONVERSION = YES;
				CLANG_WARN_INT_CONVERSION = YES;
				CLANG_WARN_OBJC_ROOT_CLASS = YES_ERROR;
				CLANG_WARN_UNREACHABLE_CODE = YES;
				CLANG_WARN__DUPLICATE_METHOD_MATCH = YES;
				"CODE_SIGN_IDENTITY[sdk=iphoneos*]" = "iPhone Developer";
				COPY_PHASE_STRIP = NO;
				DEBUG_INFORMATION_FORMAT = "dwarf-with-dsym";
				ENABLE_NS_ASSERTIONS = NO;
				ENABLE_STRICT_OBJC_MSGSEND = YES;
				GCC_C_LANGUAGE_STANDARD = gnu99;
				GCC_NO_COMMON_BLOCKS = YES;
				GCC_WARN_64_TO_32_BIT_CONVERSION = YES;
				GCC_WARN_ABOUT_RETURN_TYPE = YES_ERROR;
				GCC_WARN_UNDECLARED_SELECTOR = YES;
				GCC_WARN_UNINITIALIZED_AUTOS = YES_AGGRESSIVE;
				GCC_WARN_UNUSED_FUNCTION = YES;
				GCC_WARN_UNUSED_VARIABLE = YES;
				IPHONEOS_DEPLOYMENT_TARGET = 9.3;
				MTL_ENABLE_DEBUG_INFO = NO;
				SDKROOT = iphoneos;
				TARGETED_DEVICE_FAMILY = "1,2";
				VALIDATE_PRODUCT = YES;
			};
			name = Release;
		};
		1834106D1DA1A1C600834E2F /* Debug */ = {
			isa = XCBuildConfiguration;
			buildSettings = {
				ASSETCATALOG_COMPILER_APPICON_NAME = AppIcon;
				INFOPLIST_FILE = AutoLayout_Programmatic/Info.plist;
				LD_RUNPATH_SEARCH_PATHS = "$(inherited) @executable_path/Frameworks";
				PRODUCT_BUNDLE_IDENTIFIER = "com.lin.david.AutoLayout-Programmatic";
				PRODUCT_NAME = "$(TARGET_NAME)";
			};
			name = Debug;
		};
		1834106E1DA1A1C600834E2F /* Release */ = {
			isa = XCBuildConfiguration;
			buildSettings = {
				ASSETCATALOG_COMPILER_APPICON_NAME = AppIcon;
				INFOPLIST_FILE = AutoLayout_Programmatic/Info.plist;
				LD_RUNPATH_SEARCH_PATHS = "$(inherited) @executable_path/Frameworks";
				PRODUCT_BUNDLE_IDENTIFIER = "com.lin.david.AutoLayout-Programmatic";
				PRODUCT_NAME = "$(TARGET_NAME)";
			};
			name = Release;
		};
/* End XCBuildConfiguration section */

/* Begin XCConfigurationList section */
		183410551DA1A1C500834E2F /* Build configuration list for PBXProject "AutoLayout_Programmatic" */ = {
			isa = XCConfigurationList;
			buildConfigurations = (
				1834106A1DA1A1C600834E2F /* Debug */,
				1834106B1DA1A1C600834E2F /* Release */,
			);
			defaultConfigurationIsVisible = 0;
			defaultConfigurationName = Release;
		};
		1834106C1DA1A1C600834E2F /* Build configuration list for PBXNativeTarget "AutoLayout_Programmatic" */ = {
			isa = XCConfigurationList;
			buildConfigurations = (
				1834106D1DA1A1C600834E2F /* Debug */,
				1834106E1DA1A1C600834E2F /* Release */,
			);
			defaultConfigurationIsVisible = 0;
		};
/* End XCConfigurationList section */
	};
	rootObject = 183410521DA1A1C500834E2F /* Project object */;
}
